{
  "name": "homework_check",
  "version": "1.0.0",
  "lockfileVersion": 3,
  "requires": true,
  "packages": {
    "": {
      "name": "homework_check",
      "version": "1.0.0",
      "license": "ISC",
      "dependencies": {
        "homework_helga": "^1.0.1"
      }
    },
    "node_modules/homework_helga": {
      "version": "1.0.1",
      "resolved": "https://registry.npmjs.org/homework_helga/-/homework_helga-1.0.1.tgz",
      "integrity": "sha512-r5iCdqk0IobGudTo/LcXbaqdWTCuO+ACS69qqn4xlt3xi5c4lNXd2UiEpdRZGw+MF/soybpv0GMvrL7GfhpeGA==",
      "license": "ISC"
    }
  }
}
