{
  "name": "task_03",
  "version": "1.0.0",
  "lockfileVersion": 3,
  "requires": true,
  "packages": {
    "": {
      "name": "task_03",
      "version": "1.0.0",
      "license": "ISC",
      "dependencies": {
        "task_02_math_package": "^1.0.0"
      }
    },
    "node_modules/task_02_math_package": {
      "version": "1.0.0",
      "resolved": "https://registry.npmjs.org/task_02_math_package/-/task_02_math_package-1.0.0.tgz",
      "integrity": "sha512-KeiIg8qvJGJEvnzUTBw9WRjliUxTC7CdEjnBw6NWkA7IT2Qsk4nHkGK56QBK90QXYcyKvtOfjPDq7Ygz99MZVA==",
      "license": "ISC"
    }
  }
}
